{
  "nodes": {
    "flake-compat": {
      "flake": false,
      "locked": {
        "lastModified": 1641205782,
        "narHash": "sha256-4jY7RCWUoZ9cKD8co0/4tFARpWB+57+r1bLLvXNJliY=",
        "owner": "edolstra",
        "repo": "flake-compat",
        "rev": "b7547d3eed6f32d06102ead8991ec52ab0a4f1a7",
        "type": "github"
      },
      "original": {
        "owner": "edolstra",
        "repo": "flake-compat",
        "type": "github"
      }
    },
    "flake-utils": {
      "locked": {
        "lastModified": 1638122382,
        "narHash": "sha256-sQzZzAbvKEqN9s0bzWuYmRaA03v40gaJ4+iL1LXjaeI=",
        "owner": "numtide",
        "repo": "flake-utils",
        "rev": "74f7e4319258e287b0f9cb95426c9853b282730b",
        "type": "github"
      },
      "original": {
        "owner": "numtide",
        "repo": "flake-utils",
        "type": "github"
      }
    },
    "flake-utils_2": {
      "locked": {
        "lastModified": 1637014545,
        "narHash": "sha256-26IZAc5yzlD9FlDT54io1oqG/bBoyka+FJk5guaX4x4=",
        "owner": "numtide",
        "repo": "flake-utils",
        "rev": "bba5dcc8e0b20ab664967ad83d24d64cb64ec4f4",
        "type": "github"
      },
      "original": {
        "owner": "numtide",
        "repo": "flake-utils",
        "type": "github"
      }
    },
    "flake-utils_3": {
      "locked": {
        "lastModified": 1642700792,
        "narHash": "sha256-XqHrk7hFb+zBvRg6Ghl+AZDq03ov6OshJLiSWOoX5es=",
        "owner": "numtide",
        "repo": "flake-utils",
        "rev": "846b2ae0fc4cc943637d3d1def4454213e203cba",
        "type": "github"
      },
      "original": {
        "owner": "numtide",
        "repo": "flake-utils",
        "type": "github"
      }
    },
    "gb-src": {
      "flake": false,
      "locked": {
        "lastModified": 1642577712,
        "narHash": "sha256-cHxOj23Q1qD+42Q4k0Docf6GaY644N4oRqCmnNvVn40=",
        "owner": "leijurv",
        "repo": "gb",
        "rev": "be4750a7dd20746413f2a2ab1c77b833967b5691",
        "type": "github"
      },
      "original": {
        "owner": "leijurv",
        "repo": "gb",
        "type": "github"
      }
    },
    "home-manager": {
      "inputs": {
        "nixpkgs": "nixpkgs"
      },
      "locked": {
        "lastModified": 1643567433,
        "narHash": "sha256-tyFgodcZRlt0ZshbgyLf4m/Sd/ys9p0AHfeVZQ50WKU=",
        "owner": "nix-community",
        "repo": "home-manager",
        "rev": "95d39e13a4a7a818c87f2701b59820d3ac0e674c",
        "type": "github"
      },
      "original": {
        "owner": "nix-community",
        "repo": "home-manager",
        "type": "github"
      }
    },
    "libnbtplusplus": {
      "flake": false,
      "locked": {
        "lastModified": 1591558203,
        "narHash": "sha256-QgvNvaoFflCXEPCCFBCeZvYTpuiwScBG7EosUgFwFNQ=",
        "owner": "multimc",
        "repo": "libnbtplusplus",
        "rev": "dc72a20b7efd304d12af2025223fad07b4b78464",
        "type": "github"
      },
      "original": {
        "owner": "multimc",
        "repo": "libnbtplusplus",
        "type": "github"
      }
    },
    "looking-glass-src": {
      "flake": false,
      "locked": {
        "lastModified": 1643534702,
        "narHash": "sha256-UPXLemY7T+nU3SFVBZL7XzKcrqeaqg5jnG1RS6FXApk=",
        "owner": "gnif",
        "repo": "LookingGlass",
        "rev": "35bf30910bc98400c56267375c550920e5b0c46f",
        "type": "github"
      },
      "original": {
        "owner": "gnif",
        "repo": "LookingGlass",
        "type": "github"
      }
    },
    "memflow": {
      "inputs": {
        "flake-utils": "flake-utils",
        "nixpkgs": "nixpkgs_2",
        "rust-overlay": "rust-overlay"
      },
      "locked": {
        "lastModified": 1642171696,
        "narHash": "sha256-5+U5NNB/pDfi66a0jM9U4D/E0abNbSw1pFUdbJRiW2o=",
        "owner": "memflow",
        "repo": "memflow-nixos",
        "rev": "b7af248e6328c735c2c88a11ab9a0f4ec87353b7",
        "type": "github"
      },
      "original": {
        "owner": "memflow",
        "repo": "memflow-nixos",
        "type": "github"
      }
    },
    "nixpkgs": {
      "locked": {
        "lastModified": 1643381941,
        "narHash": "sha256-pHTwvnN4tTsEKkWlXQ8JMY423epos8wUOhthpwJjtpc=",
        "owner": "NixOS",
        "repo": "nixpkgs",
        "rev": "5efc8ca954272c4376ac929f4c5ffefcc20551d5",
        "type": "github"
      },
      "original": {
        "id": "nixpkgs",
        "type": "indirect"
      }
    },
    "nixpkgs_2": {
      "locked": {
        "lastModified": 1641726770,
        "narHash": "sha256-7Wk3V+/gNbQ4/5LgGQz9KVSwSw3V/L3+iqgH8+G/6V0=",
        "owner": "NixOS",
        "repo": "nixpkgs",
        "rev": "27d2fe1e69deb1894f9113a1fe2ca43fb89c8ad1",
        "type": "github"
      },
      "original": {
        "id": "nixpkgs",
        "type": "indirect"
      }
    },
    "nixpkgs_3": {
      "locked": {
        "lastModified": 1637453606,
        "narHash": "sha256-Gy6cwUswft9xqsjWxFYEnx/63/qzaFUwatcbV5GF/GQ=",
        "owner": "NixOS",
        "repo": "nixpkgs",
        "rev": "8afc4e543663ca0a6a4f496262cd05233737e732",
        "type": "github"
      },
      "original": {
        "owner": "NixOS",
        "ref": "nixpkgs-unstable",
        "repo": "nixpkgs",
        "type": "github"
      }
    },
    "nixpkgs_4": {
      "locked": {
        "lastModified": 1643543326,
        "narHash": "sha256-x+GAWcv2fxJMCerYkH6jOYnKenzjcFCKQUcx61oTKhY=",
        "owner": "nixos",
        "repo": "nixpkgs",
        "rev": "180be3e2b7ec82fab523a3b132fee63c05145c30",
        "type": "github"
      },
      "original": {
        "owner": "nixos",
        "ref": "nixos-unstable-small",
        "repo": "nixpkgs",
        "type": "github"
      }
    },
    "nixpkgs_5": {
      "locked": {
        "lastModified": 1643169865,
        "narHash": "sha256-+KIpNRazbc8Gac9jdWCKQkFv9bjceaLaLhlwqUEYu8c=",
        "owner": "nixos",
        "repo": "nixpkgs",
        "rev": "945ec499041db73043f745fad3b2a3a01e826081",
        "type": "github"
      },
      "original": {
        "owner": "nixos",
        "ref": "nixos-unstable",
        "repo": "nixpkgs",
        "type": "github"
      }
    },
    "polymc": {
      "inputs": {
        "flake-compat": "flake-compat",
        "flake-utils": "flake-utils_3",
        "libnbtplusplus": "libnbtplusplus",
        "nixpkgs": "nixpkgs_5",
        "quazip": "quazip"
      },
      "locked": {
        "lastModified": 1643560422,
        "narHash": "sha256-uxkbOvnidvUOM36wtMfkC7G0OlHm+6Myh1GJI7lBBKo=",
        "owner": "PolyMC",
        "repo": "PolyMC",
        "rev": "c569bfbe6d2fe23012a18f1d7427f6b9a1fd4eb6",
        "type": "github"
      },
      "original": {
        "owner": "PolyMC",
        "repo": "PolyMC",
        "type": "github"
      }
    },
    "quazip": {
      "flake": false,
      "locked": {
        "lastModified": 1633895098,
        "narHash": "sha256-+Of0M2IAoTf1CyC0teCpsyurv6xfqiBo84V49dSeNTA=",
        "owner": "multimc",
        "repo": "quazip",
        "rev": "b1a72ac0bb5a732bf887a535ab75c6f9bedb6b6b",
        "type": "github"
      },
      "original": {
        "owner": "multimc",
        "repo": "quazip",
        "type": "github"
      }
    },
    "root": {
      "inputs": {
        "gb-src": "gb-src",
        "home-manager": "home-manager",
        "looking-glass-src": "looking-glass-src",
        "memflow": "memflow",
        "nixpkgs": "nixpkgs_4",
        "polymc": "polymc"
      }
    },
    "rust-overlay": {
      "inputs": {
        "flake-utils": "flake-utils_2",
        "nixpkgs": "nixpkgs_3"
      },
      "locked": {
        "lastModified": 1641696140,
        "narHash": "sha256-Q7bQ0MSq201ah4Q+3SznEmMR4Kn9pY6ta8pL6KAjZ78=",
        "owner": "oxalica",
        "repo": "rust-overlay",
        "rev": "a1b1977429de5d69a332dd87700ffb00525335f9",
        "type": "github"
      },
      "original": {
        "owner": "oxalica",
        "repo": "rust-overlay",
        "type": "github"
      }
    }
  },
  "root": "root",
  "version": 7
}
