{
  "nodes": {
    "agenix": {
      "inputs": {
        "darwin": "darwin",
        "home-manager": "home-manager",
        "nixpkgs": [
          "nixpkgs"
        ],
        "systems": "systems"
      },
      "locked": {
        "lastModified": 1761656077,
        "narHash": "sha256-lsNWuj4Z+pE7s0bd2OKicOFq9bK86JE0ZGeKJbNqb94=",
        "owner": "ryantm",
        "repo": "agenix",
        "rev": "9ba0d85de3eaa7afeab493fed622008b6e4924f5",
        "type": "github"
      },
      "original": {
        "owner": "ryantm",
        "repo": "agenix",
        "type": "github"
      }
    },
    "cglue-bindgen": {
      "flake": false,
      "locked": {
        "lastModified": 1647799225,
        "narHash": "sha256-DprIuK75ldeU1JHOi25GFXV167OmAoGDaJ1JPxZR9ig=",
        "owner": "h33p",
        "repo": "cglue",
        "rev": "4a942c55a6dd215045132b51d63b47b32560b0cc",
        "type": "github"
      },
      "original": {
        "owner": "h33p",
        "repo": "cglue",
        "type": "github"
      }
    },
    "cloudflow": {
      "flake": false,
      "locked": {
        "lastModified": 1648659411,
        "narHash": "sha256-1+APBiqYTJVmJmktisms+0HtEsYPLYCvAGKqH9fgQW8=",
        "owner": "memflow",
        "repo": "cloudflow",
        "rev": "1423409d07c266d1205281129414a415045030c8",
        "type": "github"
      },
      "original": {
        "owner": "memflow",
        "repo": "cloudflow",
        "type": "github"
      }
    },
    "darwin": {
      "inputs": {
        "nixpkgs": [
          "agenix",
          "nixpkgs"
        ]
      },
      "locked": {
        "lastModified": 1744478979,
        "narHash": "sha256-dyN+teG9G82G+m+PX/aSAagkC+vUv0SgUw3XkPhQodQ=",
        "owner": "lnl7",
        "repo": "nix-darwin",
        "rev": "43975d782b418ebf4969e9ccba82466728c2851b",
        "type": "github"
      },
      "original": {
        "owner": "lnl7",
        "ref": "master",
        "repo": "nix-darwin",
        "type": "github"
      }
    },
    "darwin_2": {
      "inputs": {
        "nixpkgs": [
          "nixpkgs"
        ]
      },
      "locked": {
        "lastModified": 1762039661,
        "narHash": "sha256-oM5BwAGE78IBLZn+AqxwH/saqwq3e926rNq5HmOulkc=",
        "owner": "lnl7",
        "repo": "nix-darwin",
        "rev": "c3c8c9f2a5ed43175ac4dc030308756620e6e4e4",
        "type": "github"
      },
      "original": {
        "owner": "lnl7",
        "repo": "nix-darwin",
        "type": "github"
      }
    },
    "flake-compat": {
      "locked": {
        "lastModified": 1733328505,
        "narHash": "sha256-NeCCThCEP3eCl2l/+27kNNK7QrwZB1IJCrXfrbv5oqU=",
        "owner": "edolstra",
        "repo": "flake-compat",
        "rev": "ff81ac966bb2cae68946d5ed5fc4994f96d0ffec",
        "type": "github"
      },
      "original": {
        "owner": "edolstra",
        "repo": "flake-compat",
        "type": "github"
      }
    },
    "flake-compat_2": {
      "flake": false,
      "locked": {
        "lastModified": 1746162366,
        "narHash": "sha256-5SSSZ/oQkwfcAz/o/6TlejlVGqeK08wyREBQ5qFFPhM=",
        "owner": "nix-community",
        "repo": "flake-compat",
        "rev": "0f158086a2ecdbb138cd0429410e44994f1b7e4b",
        "type": "github"
      },
      "original": {
        "owner": "nix-community",
        "repo": "flake-compat",
        "type": "github"
      }
    },
    "flake-utils": {
      "locked": {
        "lastModified": 1649676176,
        "narHash": "sha256-OWKJratjt2RW151VUlJPRALb7OU2S5s+f0vLj4o1bHM=",
        "owner": "numtide",
        "repo": "flake-utils",
        "rev": "a4b154ebbdc88c8498a5c7b01589addc9e9cb678",
        "type": "github"
      },
      "original": {
        "owner": "numtide",
        "repo": "flake-utils",
        "type": "github"
      }
    },
    "flake-utils_2": {
      "locked": {
        "lastModified": 1637014545,
        "narHash": "sha256-26IZAc5yzlD9FlDT54io1oqG/bBoyka+FJk5guaX4x4=",
        "owner": "numtide",
        "repo": "flake-utils",
        "rev": "bba5dcc8e0b20ab664967ad83d24d64cb64ec4f4",
        "type": "github"
      },
      "original": {
        "owner": "numtide",
        "repo": "flake-utils",
        "type": "github"
      }
    },
    "gb-src": {
      "flake": false,
      "locked": {
        "lastModified": 1678953518,
        "narHash": "sha256-KvCuVx05vPzPNc57D6AAErFClDEq8ZykNk6LmVFMGH4=",
        "owner": "babbaj",
        "repo": "gb",
        "rev": "3d2d9c1e561db34921d6b8f689373ac2e99bd848",
        "type": "github"
      },
      "original": {
        "owner": "babbaj",
        "ref": "gitignore",
        "repo": "gb",
        "type": "github"
      }
    },
    "home-manager": {
      "inputs": {
        "nixpkgs": [
          "agenix",
          "nixpkgs"
        ]
      },
      "locked": {
        "lastModified": 1745494811,
        "narHash": "sha256-YZCh2o9Ua1n9uCvrvi5pRxtuVNml8X2a03qIFfRKpFs=",
        "owner": "nix-community",
        "repo": "home-manager",
        "rev": "abfad3d2958c9e6300a883bd443512c55dfeb1be",
        "type": "github"
      },
      "original": {
        "owner": "nix-community",
        "repo": "home-manager",
        "type": "github"
      }
    },
    "home-manager_2": {
      "inputs": {
        "nixpkgs": "nixpkgs"
      },
      "locked": {
        "lastModified": 1762041416,
        "narHash": "sha256-rmJKABRXnhFjjI6RB/MnEvLTQa569zu684Th9y6UlOI=",
        "owner": "nix-community",
        "repo": "home-manager",
        "rev": "c0016dd14773f4ca0b467b74c7cdcc501570df4b",
        "type": "github"
      },
      "original": {
        "owner": "nix-community",
        "repo": "home-manager",
        "type": "github"
      }
    },
    "libnbtplusplus": {
      "flake": false,
      "locked": {
        "lastModified": 1744811532,
        "narHash": "sha256-qhmjaRkt+O7A+gu6HjUkl7QzOEb4r8y8vWZMG2R/C6o=",
        "owner": "PrismLauncher",
        "repo": "libnbtplusplus",
        "rev": "531449ba1c930c98e0bcf5d332b237a8566f9d78",
        "type": "github"
      },
      "original": {
        "owner": "PrismLauncher",
        "repo": "libnbtplusplus",
        "type": "github"
      }
    },
    "looking-glass-src": {
      "flake": false,
      "locked": {
        "lastModified": 1758557238,
        "narHash": "sha256-v4oIqC/djrygC+2KY+jF7v3NfUTcGnIyr+GpkRaIyC8=",
        "ref": "master",
        "rev": "fddcb7f2d43ef752804af759f2c2194da8c8e9c5",
        "revCount": 3579,
        "submodules": true,
        "type": "git",
        "url": "ssh://git@github.com/gnif/LookingGlass.git"
      },
      "original": {
        "ref": "master",
        "submodules": true,
        "type": "git",
        "url": "ssh://git@github.com/gnif/LookingGlass.git"
      }
    },
    "memflow": {
      "inputs": {
        "cglue-bindgen": "cglue-bindgen",
        "cloudflow": "cloudflow",
        "flake-utils": "flake-utils",
        "memflow": "memflow_2",
        "memflow-coredump": "memflow-coredump",
        "memflow-kcore": "memflow-kcore",
        "memflow-kvm": "memflow-kvm",
        "memflow-microvmi": "memflow-microvmi",
        "memflow-native": "memflow-native",
        "memflow-pcileech": "memflow-pcileech",
        "memflow-qemu": "memflow-qemu",
        "memflow-win32": "memflow-win32",
        "nixpkgs": "nixpkgs_2",
        "reflow": "reflow",
        "rust-overlay": "rust-overlay",
        "scanflow": "scanflow"
      },
      "locked": {
        "lastModified": 1651907362,
        "narHash": "sha256-hytoA8+qb1vhDtSK1N2WyafXUeut+4iNN9NxB772yNg=",
        "owner": "memflow",
        "repo": "memflow-nixos",
        "rev": "782ba48dcd7d33956ac3ca4128984d3317b2f2a1",
        "type": "github"
      },
      "original": {
        "owner": "memflow",
        "repo": "memflow-nixos",
        "type": "github"
      }
    },
    "memflow-coredump": {
      "flake": false,
      "locked": {
        "lastModified": 1647802933,
        "narHash": "sha256-ta4P5eovDsiSQ301LtVrI14bkN47UmeyunCBijCOV54=",
        "owner": "memflow",
        "repo": "memflow-coredump",
        "rev": "e52988d112c3bed3e450f83451fa700b60388673",
        "type": "github"
      },
      "original": {
        "owner": "memflow",
        "repo": "memflow-coredump",
        "type": "github"
      }
    },
    "memflow-kcore": {
      "flake": false,
      "locked": {
        "lastModified": 1647803123,
        "narHash": "sha256-gwRCXjZm7EUJtdLnzB3wYeZFNqdaX6SUY9fdPES9Zo0=",
        "owner": "memflow",
        "repo": "memflow-kcore",
        "rev": "15fe4dcb2b70affe5a6d24f538cbd4d8beb6299b",
        "type": "github"
      },
      "original": {
        "owner": "memflow",
        "repo": "memflow-kcore",
        "type": "github"
      }
    },
    "memflow-kvm": {
      "flake": false,
      "locked": {
        "lastModified": 1650285201,
        "narHash": "sha256-emtZdxdSgo+Gos+y7I57vBfKkAXoM/o48fMfwCAXIMo=",
        "ref": "main",
        "rev": "6e2e90fcef6900735d15ab2f913700434344ecdc",
        "revCount": 90,
        "submodules": true,
        "type": "git",
        "url": "https://github.com/memflow/memflow-kvm.git"
      },
      "original": {
        "ref": "main",
        "submodules": true,
        "type": "git",
        "url": "https://github.com/memflow/memflow-kvm.git"
      }
    },
    "memflow-microvmi": {
      "flake": false,
      "locked": {
        "lastModified": 1606515465,
        "narHash": "sha256-6UW9oN+PJ0fbGPJcP5UE8QXLReudTFoITtON5ATtT4s=",
        "owner": "memflow",
        "repo": "memflow-microvmi",
        "rev": "11ad6ea4b6095a060cdbf256eb0dbe2a7e6df495",
        "type": "github"
      },
      "original": {
        "owner": "memflow",
        "repo": "memflow-microvmi",
        "type": "github"
      }
    },
    "memflow-native": {
      "flake": false,
      "locked": {
        "lastModified": 1647802846,
        "narHash": "sha256-9VTvU3107o7fbY6g+fQFtYauS4Y3QpzH3B6yGYW6Qo4=",
        "owner": "memflow",
        "repo": "memflow-native",
        "rev": "a9410c0873fff96e824a901116cd344817a5b82e",
        "type": "github"
      },
      "original": {
        "owner": "memflow",
        "repo": "memflow-native",
        "type": "github"
      }
    },
    "memflow-pcileech": {
      "flake": false,
      "locked": {
        "lastModified": 1647804687,
        "narHash": "sha256-dvJLl4O5VWDzYX+P1dEGs20Qv0BqDQdtb4wFqtq2BMI=",
        "ref": "main",
        "rev": "9e35ddf1354f87d598e80aa92a4c1f91e4ebe28a",
        "revCount": 97,
        "submodules": true,
        "type": "git",
        "url": "https://github.com/memflow/memflow-pcileech.git"
      },
      "original": {
        "ref": "main",
        "submodules": true,
        "type": "git",
        "url": "https://github.com/memflow/memflow-pcileech.git"
      }
    },
    "memflow-qemu": {
      "flake": false,
      "locked": {
        "lastModified": 1649270250,
        "narHash": "sha256-/LDRFp4Sj/xeySJsp5LN6zgxQUsf37p20e3vTjXr/Sw=",
        "owner": "memflow",
        "repo": "memflow-qemu",
        "rev": "6ddd3f982ff7120897da598b644b40836450ec77",
        "type": "github"
      },
      "original": {
        "owner": "memflow",
        "repo": "memflow-qemu",
        "type": "github"
      }
    },
    "memflow-win32": {
      "flake": false,
      "locked": {
        "lastModified": 1648293668,
        "narHash": "sha256-N9Uu0po0wybPWuE4EOORQIOs0UUwJriTFE1kD16jJ4s=",
        "owner": "memflow",
        "repo": "memflow-win32",
        "rev": "683f19c62a0e112766922634b28e5b8f91838b50",
        "type": "github"
      },
      "original": {
        "owner": "memflow",
        "repo": "memflow-win32",
        "type": "github"
      }
    },
    "memflow_2": {
      "flake": false,
      "locked": {
        "lastModified": 1648294592,
        "narHash": "sha256-rCTg0/945qGfqkgiMhBdgTTraM2GX+i3SSSQqgwff3A=",
        "owner": "memflow",
        "repo": "memflow",
        "rev": "db068696b2551d384b7ea9f1a22671b7c6c805a5",
        "type": "github"
      },
      "original": {
        "owner": "memflow",
        "repo": "memflow",
        "type": "github"
      }
    },
    "nix-alien": {
      "inputs": {
        "flake-compat": "flake-compat",
        "nix-index-database": "nix-index-database",
        "nixpkgs": "nixpkgs_4"
      },
      "locked": {
        "lastModified": 1742038403,
        "narHash": "sha256-mzZdujmFWC+wHRvm0tKUlXL0LLz3YI3EDUCnFCtzgxY=",
        "rev": "876d83ac35fc52145674282f87898824182edc48",
        "revCount": 394,
        "type": "tarball",
        "url": "https://api.flakehub.com/f/pinned/thiagokokada/nix-alien/0.1.394%2Brev-876d83ac35fc52145674282f87898824182edc48/01959995-2985-7091-83af-88ebbd44b055/source.tar.gz"
      },
      "original": {
        "type": "tarball",
        "url": "https://flakehub.com/f/thiagokokada/nix-alien/0.1.381.tar.gz"
      }
    },
    "nix-index-database": {
      "inputs": {
        "nixpkgs": [
          "nix-alien",
          "nixpkgs"
        ]
      },
      "locked": {
        "lastModified": 1741619381,
        "narHash": "sha256-koZtlJRqi0/MD/AKd0KrXLA2NuBOVzlIyAJprjzpxZE=",
        "owner": "nix-community",
        "repo": "nix-index-database",
        "rev": "66537fb185462ba9b07f4e6f2d54894a1b2d04ab",
        "type": "github"
      },
      "original": {
        "owner": "nix-community",
        "repo": "nix-index-database",
        "type": "github"
      }
    },
    "nixos-cosmic": {
      "inputs": {
        "flake-compat": "flake-compat_2",
        "nixpkgs": "nixpkgs_5",
        "nixpkgs-stable": "nixpkgs-stable",
        "rust-overlay": "rust-overlay_2"
      },
      "locked": {
        "lastModified": 1751591814,
        "narHash": "sha256-A4lgvuj4v+Pr8MniXz1FBG0DXOygi8tTECR+j53FMhM=",
        "owner": "lilyinstarlight",
        "repo": "nixos-cosmic",
        "rev": "fef2d0c78c4e4d6c600a88795af193131ff51bdc",
        "type": "github"
      },
      "original": {
        "owner": "lilyinstarlight",
        "repo": "nixos-cosmic",
        "type": "github"
      }
    },
    "nixpkgs": {
      "locked": {
        "lastModified": 1761373498,
        "narHash": "sha256-Q/uhWNvd7V7k1H1ZPMy/vkx3F8C13ZcdrKjO7Jv7v0c=",
        "owner": "NixOS",
        "repo": "nixpkgs",
        "rev": "6a08e6bb4e46ff7fcbb53d409b253f6bad8a28ce",
        "type": "github"
      },
      "original": {
        "owner": "NixOS",
        "ref": "nixos-unstable",
        "repo": "nixpkgs",
        "type": "github"
      }
    },
    "nixpkgs-master": {
      "locked": {
        "lastModified": 1762042929,
        "narHash": "sha256-IT0zvwRo0ewA+HhaeBWXSiyto89YUGrWVTZYSDwA+2o=",
        "owner": "nixos",
        "repo": "nixpkgs",
        "rev": "03b91067a064b1b73dc099df95ce54e254fc6b33",
        "type": "github"
      },
      "original": {
        "owner": "nixos",
        "ref": "master",
        "repo": "nixpkgs",
        "type": "github"
      }
    },
    "nixpkgs-stable": {
      "locked": {
        "lastModified": 1751048012,
        "narHash": "sha256-MYbotu4UjWpTsq01wglhN5xDRfZYLFtNk7SBY0BcjkU=",
        "owner": "NixOS",
        "repo": "nixpkgs",
        "rev": "a684c58d46ebbede49f280b653b9e56100aa3877",
        "type": "github"
      },
      "original": {
        "owner": "NixOS",
        "ref": "nixos-24.11",
        "repo": "nixpkgs",
        "type": "github"
      }
    },
    "nixpkgs-stable_2": {
      "locked": {
        "lastModified": 1669833724,
        "narHash": "sha256-/HEZNyGbnQecrgJnfE8d0WC5c1xuPSD2LUpB6YXlg4c=",
        "owner": "nixos",
        "repo": "nixpkgs",
        "rev": "4d2b37a84fad1091b9de401eb450aae66f1a741e",
        "type": "github"
      },
      "original": {
        "owner": "nixos",
        "ref": "22.11",
        "repo": "nixpkgs",
        "type": "github"
      }
    },
    "nixpkgs_2": {
      "locked": {
        "lastModified": 1649497218,
        "narHash": "sha256-groqC9m1P4hpnL6jQvZ3C8NEtduhdkvwGT0+0LUrcYw=",
        "owner": "NixOS",
        "repo": "Nixpkgs",
        "rev": "fd364d268852561223a5ada15caad669fd72800e",
        "type": "github"
      },
      "original": {
        "owner": "NixOS",
        "ref": "nixos-unstable",
        "repo": "Nixpkgs",
        "type": "github"
      }
    },
    "nixpkgs_3": {
      "locked": {
        "lastModified": 1637453606,
        "narHash": "sha256-Gy6cwUswft9xqsjWxFYEnx/63/qzaFUwatcbV5GF/GQ=",
        "owner": "NixOS",
        "repo": "nixpkgs",
        "rev": "8afc4e543663ca0a6a4f496262cd05233737e732",
        "type": "github"
      },
      "original": {
        "owner": "NixOS",
        "ref": "nixpkgs-unstable",
        "repo": "nixpkgs",
        "type": "github"
      }
    },
    "nixpkgs_4": {
      "locked": {
        "lastModified": 1741851582,
        "narHash": "sha256-cPfs8qMccim2RBgtKGF+x9IBCduRvd/N5F4nYpU0TVE=",
        "owner": "NixOS",
        "repo": "nixpkgs",
        "rev": "6607cf789e541e7873d40d3a8f7815ea92204f32",
        "type": "github"
      },
      "original": {
        "owner": "NixOS",
        "ref": "nixos-unstable",
        "repo": "nixpkgs",
        "type": "github"
      }
    },
    "nixpkgs_5": {
      "locked": {
        "lastModified": 1751011381,
        "narHash": "sha256-krGXKxvkBhnrSC/kGBmg5MyupUUT5R6IBCLEzx9jhMM=",
        "owner": "NixOS",
        "repo": "nixpkgs",
        "rev": "30e2e2857ba47844aa71991daa6ed1fc678bcbb7",
        "type": "github"
      },
      "original": {
        "owner": "NixOS",
        "ref": "nixos-unstable",
        "repo": "nixpkgs",
        "type": "github"
      }
    },
    "prism": {
      "inputs": {
        "libnbtplusplus": "libnbtplusplus",
        "nixpkgs": [
          "nixpkgs"
        ],
        "qrcodegenerator": "qrcodegenerator"
      },
      "locked": {
        "lastModified": 1762023548,
        "narHash": "sha256-jF4Xs3DAANVpHtdgfjvqAmRgIJT6gr632dGfhGgY9Io=",
        "owner": "PrismLauncher",
        "repo": "PrismLauncher",
        "rev": "f3bc2f0e9fd93b557f6179e55d3616fb3f428a3b",
        "type": "github"
      },
      "original": {
        "owner": "PrismLauncher",
        "repo": "PrismLauncher",
        "type": "github"
      }
    },
    "qrcodegenerator": {
      "flake": false,
      "locked": {
        "lastModified": 1737616857,
        "narHash": "sha256-6SugPt0lp1Gz7nV23FLmsmpfzgFItkSw7jpGftsDPWc=",
        "owner": "nayuki",
        "repo": "QR-Code-generator",
        "rev": "2c9044de6b049ca25cb3cd1649ed7e27aa055138",
        "type": "github"
      },
      "original": {
        "owner": "nayuki",
        "repo": "QR-Code-generator",
        "type": "github"
      }
    },
    "reflow": {
      "flake": false,
      "locked": {
        "lastModified": 1646489083,
        "narHash": "sha256-LIH+LKiObfdp77deeialEGUJSQgxf9TTdzDc4QvAk+Q=",
        "owner": "memflow",
        "repo": "reflow",
        "rev": "d741faa74776fc100bc03a358a2e3024fa9898a6",
        "type": "github"
      },
      "original": {
        "owner": "memflow",
        "repo": "reflow",
        "type": "github"
      }
    },
    "root": {
      "inputs": {
        "agenix": "agenix",
        "darwin": "darwin_2",
        "gb-src": "gb-src",
        "home-manager": "home-manager_2",
        "looking-glass-src": "looking-glass-src",
        "memflow": "memflow",
        "nix-alien": "nix-alien",
        "nixos-cosmic": "nixos-cosmic",
        "nixpkgs": [
          "nixos-cosmic",
          "nixpkgs"
        ],
        "nixpkgs-master": "nixpkgs-master",
        "nixpkgs-stable": "nixpkgs-stable_2",
        "prism": "prism"
      }
    },
    "rust-overlay": {
      "inputs": {
        "flake-utils": "flake-utils_2",
        "nixpkgs": "nixpkgs_3"
      },
      "locked": {
        "lastModified": 1649644592,
        "narHash": "sha256-q4vQ54pmCC+b5+bdsH2/90jIeiydTAJhF2IvP13r3yA=",
        "owner": "oxalica",
        "repo": "rust-overlay",
        "rev": "4770c6c6cb518d2c5b660c5099816c3512d8bdad",
        "type": "github"
      },
      "original": {
        "owner": "oxalica",
        "repo": "rust-overlay",
        "type": "github"
      }
    },
    "rust-overlay_2": {
      "inputs": {
        "nixpkgs": [
          "nixos-cosmic",
          "nixpkgs"
        ]
      },
      "locked": {
        "lastModified": 1751251399,
        "narHash": "sha256-y+viCuy/eKKpkX1K2gDvXIJI/yzvy6zA3HObapz9XZ0=",
        "owner": "oxalica",
        "repo": "rust-overlay",
        "rev": "b22d5ee8c60ed1291521f2dde48784edd6bf695b",
        "type": "github"
      },
      "original": {
        "owner": "oxalica",
        "repo": "rust-overlay",
        "type": "github"
      }
    },
    "scanflow": {
      "flake": false,
      "locked": {
        "lastModified": 1647989733,
        "narHash": "sha256-/MfW4rV/Xm+Av2s63gDhVb4EJuhqV2/FZ3Il5lUsdLs=",
        "owner": "memflow",
        "repo": "scanflow",
        "rev": "2635eda7275887fac612e67440fc077051b3d018",
        "type": "github"
      },
      "original": {
        "owner": "memflow",
        "repo": "scanflow",
        "type": "github"
      }
    },
    "systems": {
      "locked": {
        "lastModified": 1681028828,
        "narHash": "sha256-Vy1rq5AaRuLzOxct8nz4T6wlgyUR7zLU309k9mBC768=",
        "owner": "nix-systems",
        "repo": "default",
        "rev": "da67096a3b9bf56a91d16901293e51ba5b49a27e",
        "type": "github"
      },
      "original": {
        "owner": "nix-systems",
        "repo": "default",
        "type": "github"
      }
    }
  },
  "root": "root",
  "version": 7
}
