{
  "nodes": {
    "flake-utils": {
      "locked": {
        "lastModified": 1638122382,
        "narHash": "sha256-sQzZzAbvKEqN9s0bzWuYmRaA03v40gaJ4+iL1LXjaeI=",
        "owner": "numtide",
        "repo": "flake-utils",
        "rev": "74f7e4319258e287b0f9cb95426c9853b282730b",
        "type": "github"
      },
      "original": {
        "owner": "numtide",
        "repo": "flake-utils",
        "type": "github"
      }
    },
    "flake-utils_2": {
      "locked": {
        "lastModified": 1637014545,
        "narHash": "sha256-26IZAc5yzlD9FlDT54io1oqG/bBoyka+FJk5guaX4x4=",
        "owner": "numtide",
        "repo": "flake-utils",
        "rev": "bba5dcc8e0b20ab664967ad83d24d64cb64ec4f4",
        "type": "github"
      },
      "original": {
        "owner": "numtide",
        "repo": "flake-utils",
        "type": "github"
      }
    },
    "home-manager": {
      "inputs": {
        "nixpkgs": "nixpkgs"
      },
      "locked": {
        "lastModified": 1643411645,
        "narHash": "sha256-q1TjWmK1MeGNfcU8ud11v9ZTqq2UI8YiCVKCD2MeAEk=",
        "owner": "nix-community",
        "repo": "home-manager",
        "rev": "acf824c9ed70f623b424c2ca41d0f6821014c67c",
        "type": "github"
      },
      "original": {
        "owner": "nix-community",
        "repo": "home-manager",
        "type": "github"
      }
    },
    "memflow": {
      "inputs": {
        "flake-utils": "flake-utils",
        "nixpkgs": "nixpkgs_2",
        "rust-overlay": "rust-overlay"
      },
      "locked": {
        "lastModified": 1642171696,
        "narHash": "sha256-5+U5NNB/pDfi66a0jM9U4D/E0abNbSw1pFUdbJRiW2o=",
        "owner": "memflow",
        "repo": "memflow-nixos",
        "rev": "b7af248e6328c735c2c88a11ab9a0f4ec87353b7",
        "type": "github"
      },
      "original": {
        "owner": "memflow",
        "repo": "memflow-nixos",
        "type": "github"
      }
    },
    "nixos": {
      "locked": {
        "lastModified": 1643502397,
        "narHash": "sha256-l7r8onTGYC3QgfN0oJ3NBhpJf/tRx7K30XkW2unfFno=",
        "owner": "nixos",
        "repo": "nixpkgs",
        "rev": "709f7b3c61dfa01db3ddc7356620a9c319a429d1",
        "type": "github"
      },
      "original": {
        "owner": "nixos",
        "ref": "nixos-unstable-small",
        "repo": "nixpkgs",
        "type": "github"
      }
    },
    "nixpkgs": {
      "locked": {
        "lastModified": 1643322911,
        "narHash": "sha256-WLe4lXAYXH/v80iO02npX1wdXq4nIVEHJTONLXbQrL0=",
        "owner": "NixOS",
        "repo": "nixpkgs",
        "rev": "d9e21f284317f85b3476c0043f4efea87a226c3a",
        "type": "github"
      },
      "original": {
        "id": "nixpkgs",
        "type": "indirect"
      }
    },
    "nixpkgs_2": {
      "locked": {
        "lastModified": 1641726770,
        "narHash": "sha256-7Wk3V+/gNbQ4/5LgGQz9KVSwSw3V/L3+iqgH8+G/6V0=",
        "owner": "NixOS",
        "repo": "nixpkgs",
        "rev": "27d2fe1e69deb1894f9113a1fe2ca43fb89c8ad1",
        "type": "github"
      },
      "original": {
        "id": "nixpkgs",
        "type": "indirect"
      }
    },
    "nixpkgs_3": {
      "locked": {
        "lastModified": 1637453606,
        "narHash": "sha256-Gy6cwUswft9xqsjWxFYEnx/63/qzaFUwatcbV5GF/GQ=",
        "owner": "NixOS",
        "repo": "nixpkgs",
        "rev": "8afc4e543663ca0a6a4f496262cd05233737e732",
        "type": "github"
      },
      "original": {
        "owner": "NixOS",
        "ref": "nixpkgs-unstable",
        "repo": "nixpkgs",
        "type": "github"
      }
    },
    "nixpkgs_4": {
      "locked": {
        "lastModified": 1643322911,
        "narHash": "sha256-WLe4lXAYXH/v80iO02npX1wdXq4nIVEHJTONLXbQrL0=",
        "owner": "nixos",
        "repo": "nixpkgs",
        "rev": "d9e21f284317f85b3476c0043f4efea87a226c3a",
        "type": "github"
      },
      "original": {
        "owner": "nixos",
        "ref": "nixpkgs-unstable",
        "repo": "nixpkgs",
        "type": "github"
      }
    },
    "root": {
      "inputs": {
        "home-manager": "home-manager",
        "memflow": "memflow",
        "nixos": "nixos",
        "nixpkgs": "nixpkgs_4"
      }
    },
    "rust-overlay": {
      "inputs": {
        "flake-utils": "flake-utils_2",
        "nixpkgs": "nixpkgs_3"
      },
      "locked": {
        "lastModified": 1641696140,
        "narHash": "sha256-Q7bQ0MSq201ah4Q+3SznEmMR4Kn9pY6ta8pL6KAjZ78=",
        "owner": "oxalica",
        "repo": "rust-overlay",
        "rev": "a1b1977429de5d69a332dd87700ffb00525335f9",
        "type": "github"
      },
      "original": {
        "owner": "oxalica",
        "repo": "rust-overlay",
        "type": "github"
      }
    }
  },
  "root": "root",
  "version": 7
}
